
Microsoft Visual Studio Solution File, Format Version 12.00
# Visual Studio Version 16
VisualStudioVersion = 25.0.1704.4
MinimumVisualStudioVersion = 10.0.40219.1
Project("{FAE04EC0-301F-11D3-BF4B-00C04F79EFBC}") = "todoapp", "todoapp\todoapp.csproj", "{2CD9EB61-47ED-44FB-9F9E-DCEF48FFCEA9}"
EndProject
Global
	GlobalSection(SolutionConfigurationPlatforms) = preSolution
		Debug|Any CPU = Debug|Any CPU
		Release|Any CPU = Release|Any CPU
	EndGlobalSection
	GlobalSection(ProjectConfigurationPlatforms) = postSolution
		{2CD9EB61-47ED-44FB-9F9E-DCEF48FFCEA9}.Debug|Any CPU.ActiveCfg = Debug|Any CPU
		{2CD9EB61-47ED-44FB-9F9E-DCEF48FFCEA9}.Debug|Any CPU.Build.0 = Debug|Any CPU
		{2CD9EB61-47ED-44FB-9F9E-DCEF48FFCEA9}.Release|Any CPU.ActiveCfg = Release|Any CPU
		{2CD9EB61-47ED-44FB-9F9E-DCEF48FFCEA9}.Release|Any CPU.Build.0 = Release|Any CPU
	EndGlobalSection
	GlobalSection(SolutionProperties) = preSolution
		HideSolutionNode = FALSE
	EndGlobalSection
	GlobalSection(ExtensibilityGlobals) = postSolution
		SolutionGuid = {B0AF2370-9B15-4959-B641-310BB6636C0E}
	EndGlobalSection
EndGlobal
